{
  "name": "slds-elix",
  "version": "1.0.0",
  "lockfileVersion": 1,
  "requires": true,
  "dependencies": {
    "elix": {
      "version": "9.0.1",
      "resolved": "https://registry.npmjs.org/elix/-/elix-9.0.1.tgz",
      "integrity": "sha512-ZOhZgjOc4pYTbbuivM626Gxbfj3FcfNPSbu3gBe3nZN/imKzrITElkoQNflzDMcPtNtWbiC6GYxJVFsGhTPWxg=="
    }
  }
}
